<?xml version="1.0" encoding="utf-8"?>
<Project ToolsVersion="4.0" xmlns="http://schemas.microsoft.com/developer/msbuild/2003">
  <ItemGroup>
    <Filter Include="Исходные файлы">
      <UniqueIdentifier>{4FC737F1-C7A5-4376-A066-2A32D752A2FF}</UniqueIdentifier>
      <Extensions>cpp;c;cc;cxx;def;odl;idl;hpj;bat;asm;asmx</Extensions>
    </Filter>
    <Filter Include="Файлы заголовков">
      <UniqueIdentifier>{93995380-89BD-4b04-88EB-625FBE52EBFB}</UniqueIdentifier>
      <Extensions>h;hh;hpp;hxx;hm;inl;inc;ipp;xsd</Extensions>
    </Filter>
    <Filter Include="Файлы ресурсов">
      <UniqueIdentifier>{67DA6AB6-F800-4c08-8B7A-83BB121AAD01}</UniqueIdentifier>
      <Extensions>rc;ico;cur;bmp;dlg;rc2;rct;bin;rgs;gif;jpg;jpeg;jpe;resx;tiff;tif;png;wav;mfcribbon-ms</Extensions>
    </Filter>
    <Filter Include="Файлы заголовков\Strategies">
      <UniqueIdentifier>{df5b0f79-9609-465f-b4c4-ab7437de1946}</UniqueIdentifier>
    </Filter>
    <Filter Include="Файлы заголовков\Strategies\Interface">
      <UniqueIdentifier>{7a8b94fd-b1e4-4433-b034-32da4d7de324}</UniqueIdentifier>
    </Filter>
  </ItemGroup>
  <ItemGroup>
    <ClCompile Include="main.cpp">
      <Filter>Исходные файлы</Filter>
    </ClCompile>
  </ItemGroup>
  <ItemGroup>
    <ClInclude Include="Assault.h">
      <Filter>Файлы заголовков\Strategies</Filter>
    </ClInclude>
    <ClInclude Include="Extermination.h">
      <Filter>Файлы заголовков\Strategies</Filter>
    </ClInclude>
    <ClInclude Include="Infiltration.h">
      <Filter>Файлы заголовков\Strategies</Filter>
    </ClInclude>
    <ClInclude Include="StrategicWeaponsStrike.h">
      <Filter>Файлы заголовков\Strategies</Filter>
    </ClInclude>
    <ClInclude Include="Domination.h">
      <Filter>Файлы заголовков\Strategies</Filter>
    </ClInclude>
    <ClInclude Include="AttritionBattle.h">
      <Filter>Файлы заголовков\Strategies</Filter>
    </ClInclude>
    <ClInclude Include="Sabotage.h">
      <Filter>Файлы заголовков\Strategies</Filter>
    </ClInclude>
    <ClInclude Include="AttackStrategies.h">
      <Filter>Файлы заголовков</Filter>
    </ClInclude>
    <ClInclude Include="IAttackStrategy.h">
      <Filter>Файлы заголовков\Strategies\Interface</Filter>
    </ClInclude>
    <ClInclude Include="Commander.h">
      <Filter>Файлы заголовков</Filter>
    </ClInclude>
    <ClInclude Include="Target.h">
      <Filter>Файлы заголовков</Filter>
    </ClInclude>
  </ItemGroup>
</Project>